
Microsoft Visual Studio Solution File, Format Version 12.00
# Visual Studio 15
VisualStudioVersion = 15.0.28307.572
MinimumVisualStudioVersion = 10.0.40219.1
Project("{FAE04EC0-301F-11D3-BF4B-00C04F79EFBC}") = "SeleniumStudy", "SeleniumStudy\SeleniumStudy.csproj", "{46E69BE0-21F3-446B-B7A1-B614DCF80379}"
EndProject
Project("{FAE04EC0-301F-11D3-BF4B-00C04F79EFBC}") = "TestRESTSharp", "RESTSharp\TestRESTSharp.csproj", "{1E3FE66E-6646-462D-B698-3EDF925D85C8}"
EndProject
Global
	GlobalSection(SolutionConfigurationPlatforms) = preSolution
		Debug|Any CPU = Debug|Any CPU
		Release|Any CPU = Release|Any CPU
	EndGlobalSection
	GlobalSection(ProjectConfigurationPlatforms) = postSolution
		{46E69BE0-21F3-446B-B7A1-B614DCF80379}.Debug|Any CPU.ActiveCfg = Debug|Any CPU
		{46E69BE0-21F3-446B-B7A1-B614DCF80379}.Debug|Any CPU.Build.0 = Debug|Any CPU
		{46E69BE0-21F3-446B-B7A1-B614DCF80379}.Release|Any CPU.ActiveCfg = Release|Any CPU
		{46E69BE0-21F3-446B-B7A1-B614DCF80379}.Release|Any CPU.Build.0 = Release|Any CPU
		{1E3FE66E-6646-462D-B698-3EDF925D85C8}.Debug|Any CPU.ActiveCfg = Debug|Any CPU
		{1E3FE66E-6646-462D-B698-3EDF925D85C8}.Debug|Any CPU.Build.0 = Debug|Any CPU
		{1E3FE66E-6646-462D-B698-3EDF925D85C8}.Release|Any CPU.ActiveCfg = Release|Any CPU
		{1E3FE66E-6646-462D-B698-3EDF925D85C8}.Release|Any CPU.Build.0 = Release|Any CPU
	EndGlobalSection
	GlobalSection(SolutionProperties) = preSolution
		HideSolutionNode = FALSE
	EndGlobalSection
	GlobalSection(ExtensibilityGlobals) = postSolution
		SolutionGuid = {7B6C33D8-8297-41E8-BCAD-BFB1C8D98837}
	EndGlobalSection
EndGlobal
